
Microsoft Visual Studio Solution File, Format Version 12.00
# Visual Studio 15
VisualStudioVersion = 15.0.26430.15
MinimumVisualStudioVersion = 10.0.40219.1
Project("{FAE04EC0-301F-11D3-BF4B-00C04F79EFBC}") = "Northwind.WebApi", "Northwind.WebApi\Northwind.WebApi.csproj", "{BCB58624-0CDA-405A-BC41-58449CCF8768}"
EndProject
Project("{FAE04EC0-301F-11D3-BF4B-00C04F79EFBC}") = "Northwind.Data", "Northwind.Data\Northwind.Data.csproj", "{AA0CFF1E-8536-408C-ABBA-B8AAD060EB20}"
EndProject
Global
	GlobalSection(SolutionConfigurationPlatforms) = preSolution
		Debug|Any CPU = Debug|Any CPU
		Release|Any CPU = Release|Any CPU
	EndGlobalSection
	GlobalSection(ProjectConfigurationPlatforms) = postSolution
		{BCB58624-0CDA-405A-BC41-58449CCF8768}.Debug|Any CPU.ActiveCfg = Debug|Any CPU
		{BCB58624-0CDA-405A-BC41-58449CCF8768}.Debug|Any CPU.Build.0 = Debug|Any CPU
		{BCB58624-0CDA-405A-BC41-58449CCF8768}.Release|Any CPU.ActiveCfg = Release|Any CPU
		{BCB58624-0CDA-405A-BC41-58449CCF8768}.Release|Any CPU.Build.0 = Release|Any CPU
		{AA0CFF1E-8536-408C-ABBA-B8AAD060EB20}.Debug|Any CPU.ActiveCfg = Debug|Any CPU
		{AA0CFF1E-8536-408C-ABBA-B8AAD060EB20}.Debug|Any CPU.Build.0 = Debug|Any CPU
		{AA0CFF1E-8536-408C-ABBA-B8AAD060EB20}.Release|Any CPU.ActiveCfg = Release|Any CPU
		{AA0CFF1E-8536-408C-ABBA-B8AAD060EB20}.Release|Any CPU.Build.0 = Release|Any CPU
	EndGlobalSection
	GlobalSection(SolutionProperties) = preSolution
		HideSolutionNode = FALSE
	EndGlobalSection
EndGlobal
