
Microsoft Visual Studio Solution File, Format Version 12.00
# Visual Studio 15
VisualStudioVersion = 15.0.28307.438
MinimumVisualStudioVersion = 10.0.40219.1
Project("{FAE04EC0-301F-11D3-BF4B-00C04F79EFBC}") = "TpBinding_1", "TpBindings\TpBinding_1.csproj", "{16903FE4-BC77-4A8F-82E4-0A7E47ED3A38}"
EndProject
Project("{FAE04EC0-301F-11D3-BF4B-00C04F79EFBC}") = "TpBinding_2", "TpBinding_2\TpBinding_2.csproj", "{545AD17E-4075-4A03-8CCB-4D2CDDAC3E3E}"
EndProject
Project("{FAE04EC0-301F-11D3-BF4B-00C04F79EFBC}") = "TpBinding_3", "TpBinding_3\TpBinding_3.csproj", "{5B2CD3B3-95B7-48D7-A9F0-04B3EBB4055C}"
EndProject
Global
	GlobalSection(SolutionConfigurationPlatforms) = preSolution
		Debug|Any CPU = Debug|Any CPU
		Release|Any CPU = Release|Any CPU
	EndGlobalSection
	GlobalSection(ProjectConfigurationPlatforms) = postSolution
		{16903FE4-BC77-4A8F-82E4-0A7E47ED3A38}.Debug|Any CPU.ActiveCfg = Debug|Any CPU
		{16903FE4-BC77-4A8F-82E4-0A7E47ED3A38}.Debug|Any CPU.Build.0 = Debug|Any CPU
		{16903FE4-BC77-4A8F-82E4-0A7E47ED3A38}.Release|Any CPU.ActiveCfg = Release|Any CPU
		{16903FE4-BC77-4A8F-82E4-0A7E47ED3A38}.Release|Any CPU.Build.0 = Release|Any CPU
		{545AD17E-4075-4A03-8CCB-4D2CDDAC3E3E}.Debug|Any CPU.ActiveCfg = Debug|Any CPU
		{545AD17E-4075-4A03-8CCB-4D2CDDAC3E3E}.Debug|Any CPU.Build.0 = Debug|Any CPU
		{545AD17E-4075-4A03-8CCB-4D2CDDAC3E3E}.Release|Any CPU.ActiveCfg = Release|Any CPU
		{545AD17E-4075-4A03-8CCB-4D2CDDAC3E3E}.Release|Any CPU.Build.0 = Release|Any CPU
		{5B2CD3B3-95B7-48D7-A9F0-04B3EBB4055C}.Debug|Any CPU.ActiveCfg = Debug|Any CPU
		{5B2CD3B3-95B7-48D7-A9F0-04B3EBB4055C}.Debug|Any CPU.Build.0 = Debug|Any CPU
		{5B2CD3B3-95B7-48D7-A9F0-04B3EBB4055C}.Release|Any CPU.ActiveCfg = Release|Any CPU
		{5B2CD3B3-95B7-48D7-A9F0-04B3EBB4055C}.Release|Any CPU.Build.0 = Release|Any CPU
	EndGlobalSection
	GlobalSection(SolutionProperties) = preSolution
		HideSolutionNode = FALSE
	EndGlobalSection
	GlobalSection(ExtensibilityGlobals) = postSolution
		SolutionGuid = {EB27CF85-7F2F-4188-8991-3CC31BFA0334}
	EndGlobalSection
EndGlobal
