
Microsoft Visual Studio Solution File, Format Version 12.00
# Visual Studio Version 16
VisualStudioVersion = 16.0.28729.10
MinimumVisualStudioVersion = 10.0.40219.1
Project("{FAE04EC0-301F-11D3-BF4B-00C04F79EFBC}") = "M01_HelloWorld", "M01_HelloWorld\M01_HelloWorld.csproj", "{BB0A184A-8EFB-4D0E-B513-35930870C6A3}"
EndProject
Project("{FAE04EC0-301F-11D3-BF4B-00C04F79EFBC}") = "M02_Conteneurs", "M02_Conteneurs\M02_Conteneurs.csproj", "{F1B076DC-2C5E-4625-B6B3-BC2AC5AAB605}"
EndProject
Project("{FAE04EC0-301F-11D3-BF4B-00C04F79EFBC}") = "Exo_Morpion", "Exo_Morpion\Exo_Morpion.csproj", "{E11F6F7D-E594-4AD0-926C-820341A627E0}"
EndProject
Project("{FAE04EC0-301F-11D3-BF4B-00C04F79EFBC}") = "CSharp_Events", "CSharp_Events\CSharp_Events.csproj", "{339C31DE-8C53-4701-B5BF-0AC604B91D0A}"
EndProject
Global
	GlobalSection(SolutionConfigurationPlatforms) = preSolution
		Debug|Any CPU = Debug|Any CPU
		Release|Any CPU = Release|Any CPU
	EndGlobalSection
	GlobalSection(ProjectConfigurationPlatforms) = postSolution
		{BB0A184A-8EFB-4D0E-B513-35930870C6A3}.Debug|Any CPU.ActiveCfg = Debug|Any CPU
		{BB0A184A-8EFB-4D0E-B513-35930870C6A3}.Debug|Any CPU.Build.0 = Debug|Any CPU
		{BB0A184A-8EFB-4D0E-B513-35930870C6A3}.Release|Any CPU.ActiveCfg = Release|Any CPU
		{BB0A184A-8EFB-4D0E-B513-35930870C6A3}.Release|Any CPU.Build.0 = Release|Any CPU
		{F1B076DC-2C5E-4625-B6B3-BC2AC5AAB605}.Debug|Any CPU.ActiveCfg = Debug|Any CPU
		{F1B076DC-2C5E-4625-B6B3-BC2AC5AAB605}.Debug|Any CPU.Build.0 = Debug|Any CPU
		{F1B076DC-2C5E-4625-B6B3-BC2AC5AAB605}.Release|Any CPU.ActiveCfg = Release|Any CPU
		{F1B076DC-2C5E-4625-B6B3-BC2AC5AAB605}.Release|Any CPU.Build.0 = Release|Any CPU
		{E11F6F7D-E594-4AD0-926C-820341A627E0}.Debug|Any CPU.ActiveCfg = Debug|Any CPU
		{E11F6F7D-E594-4AD0-926C-820341A627E0}.Debug|Any CPU.Build.0 = Debug|Any CPU
		{E11F6F7D-E594-4AD0-926C-820341A627E0}.Release|Any CPU.ActiveCfg = Release|Any CPU
		{E11F6F7D-E594-4AD0-926C-820341A627E0}.Release|Any CPU.Build.0 = Release|Any CPU
		{339C31DE-8C53-4701-B5BF-0AC604B91D0A}.Debug|Any CPU.ActiveCfg = Debug|Any CPU
		{339C31DE-8C53-4701-B5BF-0AC604B91D0A}.Debug|Any CPU.Build.0 = Debug|Any CPU
		{339C31DE-8C53-4701-B5BF-0AC604B91D0A}.Release|Any CPU.ActiveCfg = Release|Any CPU
		{339C31DE-8C53-4701-B5BF-0AC604B91D0A}.Release|Any CPU.Build.0 = Release|Any CPU
	EndGlobalSection
	GlobalSection(SolutionProperties) = preSolution
		HideSolutionNode = FALSE
	EndGlobalSection
	GlobalSection(ExtensibilityGlobals) = postSolution
		SolutionGuid = {886047E5-821F-43EB-BD05-E7341182BB71}
	EndGlobalSection
EndGlobal
