
Microsoft Visual Studio Solution File, Format Version 12.00
# Visual Studio 15
VisualStudioVersion = 15.0.26430.15
MinimumVisualStudioVersion = 10.0.40219.1
Project("{FAE04EC0-301F-11D3-BF4B-00C04F79EFBC}") = "WCF01_01_Pendu", "WCF01_01_Pendu\WCF01_01_Pendu.csproj", "{F315107E-6180-46A3-84C8-81A850FDDE13}"
EndProject
Project("{FAE04EC0-301F-11D3-BF4B-00C04F79EFBC}") = "JeuDeMotData", "JeuDeMotData\JeuDeMotData.csproj", "{BE0F1841-6943-468B-A65C-595DAA74EE09}"
EndProject
Project("{FAE04EC0-301F-11D3-BF4B-00C04F79EFBC}") = "JeuDeMotBOL", "JeuDeMotBOL\JeuDeMotBOL.csproj", "{8549422B-4AB3-4925-A35C-FB2B8F810E29}"
EndProject
Project("{FAE04EC0-301F-11D3-BF4B-00C04F79EFBC}") = "JeuDeMotUIL", "JeuDeMotUIL\JeuDeMotUIL.csproj", "{E7B72570-82C6-4B43-A34C-DB2CF274CDEE}"
EndProject
Project("{FAE04EC0-301F-11D3-BF4B-00C04F79EFBC}") = "UnitTestProject1", "UnitTestProject1\UnitTestProject1.csproj", "{C889140C-B250-4450-AE9A-408D07B05F7B}"
EndProject
Project("{FAE04EC0-301F-11D3-BF4B-00C04F79EFBC}") = "Wcf01_02_Test", "Wcf01_02_Test\Wcf01_02_Test.csproj", "{C10093A7-BEFA-495F-9AF9-FEF5BDAD9875}"
EndProject
Global
	GlobalSection(SolutionConfigurationPlatforms) = preSolution
		Debug|Any CPU = Debug|Any CPU
		Release|Any CPU = Release|Any CPU
	EndGlobalSection
	GlobalSection(ProjectConfigurationPlatforms) = postSolution
		{F315107E-6180-46A3-84C8-81A850FDDE13}.Debug|Any CPU.ActiveCfg = Debug|Any CPU
		{F315107E-6180-46A3-84C8-81A850FDDE13}.Debug|Any CPU.Build.0 = Debug|Any CPU
		{F315107E-6180-46A3-84C8-81A850FDDE13}.Release|Any CPU.ActiveCfg = Release|Any CPU
		{F315107E-6180-46A3-84C8-81A850FDDE13}.Release|Any CPU.Build.0 = Release|Any CPU
		{BE0F1841-6943-468B-A65C-595DAA74EE09}.Debug|Any CPU.ActiveCfg = Debug|Any CPU
		{BE0F1841-6943-468B-A65C-595DAA74EE09}.Debug|Any CPU.Build.0 = Debug|Any CPU
		{BE0F1841-6943-468B-A65C-595DAA74EE09}.Release|Any CPU.ActiveCfg = Release|Any CPU
		{BE0F1841-6943-468B-A65C-595DAA74EE09}.Release|Any CPU.Build.0 = Release|Any CPU
		{8549422B-4AB3-4925-A35C-FB2B8F810E29}.Debug|Any CPU.ActiveCfg = Debug|Any CPU
		{8549422B-4AB3-4925-A35C-FB2B8F810E29}.Debug|Any CPU.Build.0 = Debug|Any CPU
		{8549422B-4AB3-4925-A35C-FB2B8F810E29}.Release|Any CPU.ActiveCfg = Release|Any CPU
		{8549422B-4AB3-4925-A35C-FB2B8F810E29}.Release|Any CPU.Build.0 = Release|Any CPU
		{E7B72570-82C6-4B43-A34C-DB2CF274CDEE}.Debug|Any CPU.ActiveCfg = Debug|Any CPU
		{E7B72570-82C6-4B43-A34C-DB2CF274CDEE}.Debug|Any CPU.Build.0 = Debug|Any CPU
		{E7B72570-82C6-4B43-A34C-DB2CF274CDEE}.Release|Any CPU.ActiveCfg = Release|Any CPU
		{E7B72570-82C6-4B43-A34C-DB2CF274CDEE}.Release|Any CPU.Build.0 = Release|Any CPU
		{C889140C-B250-4450-AE9A-408D07B05F7B}.Debug|Any CPU.ActiveCfg = Debug|Any CPU
		{C889140C-B250-4450-AE9A-408D07B05F7B}.Debug|Any CPU.Build.0 = Debug|Any CPU
		{C889140C-B250-4450-AE9A-408D07B05F7B}.Release|Any CPU.ActiveCfg = Release|Any CPU
		{C889140C-B250-4450-AE9A-408D07B05F7B}.Release|Any CPU.Build.0 = Release|Any CPU
		{C10093A7-BEFA-495F-9AF9-FEF5BDAD9875}.Debug|Any CPU.ActiveCfg = Debug|Any CPU
		{C10093A7-BEFA-495F-9AF9-FEF5BDAD9875}.Debug|Any CPU.Build.0 = Debug|Any CPU
		{C10093A7-BEFA-495F-9AF9-FEF5BDAD9875}.Release|Any CPU.ActiveCfg = Release|Any CPU
		{C10093A7-BEFA-495F-9AF9-FEF5BDAD9875}.Release|Any CPU.Build.0 = Release|Any CPU
	EndGlobalSection
	GlobalSection(SolutionProperties) = preSolution
		HideSolutionNode = FALSE
	EndGlobalSection
EndGlobal
